
Microsoft Visual Studio Solution File, Format Version 12.00
# Visual Studio Version 17
VisualStudioVersion = 17.9.34607.119
MinimumVisualStudioVersion = 10.0.40219.1
Project("{FAE04EC0-301F-11D3-BF4B-00C04F79EFBC}") = "PROJETOCALC2", "PROJETOCALC2\PROJETOCALC2.csproj", "{360D003F-DA69-4153-8F03-5DE6697C2C24}"
EndProject
Global
	GlobalSection(SolutionConfigurationPlatforms) = preSolution
		Debug|Any CPU = Debug|Any CPU
		Release|Any CPU = Release|Any CPU
	EndGlobalSection
	GlobalSection(ProjectConfigurationPlatforms) = postSolution
		{360D003F-DA69-4153-8F03-5DE6697C2C24}.Debug|Any CPU.ActiveCfg = Debug|Any CPU
		{360D003F-DA69-4153-8F03-5DE6697C2C24}.Debug|Any CPU.Build.0 = Debug|Any CPU
		{360D003F-DA69-4153-8F03-5DE6697C2C24}.Release|Any CPU.ActiveCfg = Release|Any CPU
		{360D003F-DA69-4153-8F03-5DE6697C2C24}.Release|Any CPU.Build.0 = Release|Any CPU
	EndGlobalSection
	GlobalSection(SolutionProperties) = preSolution
		HideSolutionNode = FALSE
	EndGlobalSection
	GlobalSection(ExtensibilityGlobals) = postSolution
		SolutionGuid = {B69943BC-E480-46F4-9808-BE7D6572FF71}
	EndGlobalSection
EndGlobal
